
Microsoft Visual Studio Solution File, Format Version 12.00
# Visual Studio Version 16
VisualStudioVersion = 16.0.29503.13
MinimumVisualStudioVersion = 10.0.40219.1
Project("{FAE04EC0-301F-11D3-BF4B-00C04F79EFBC}") = "ContosoUniversity", "ContosoUniversity\ContosoUniversity.csproj", "{9C78F943-7E20-4C98-8A08-723E79F6AEB6}"
EndProject
Global
	GlobalSection(SolutionConfigurationPlatforms) = preSolution
		Debug|Any CPU = Debug|Any CPU
		Release|Any CPU = Release|Any CPU
	EndGlobalSection
	GlobalSection(ProjectConfigurationPlatforms) = postSolution
		{9C78F943-7E20-4C98-8A08-723E79F6AEB6}.Debug|Any CPU.ActiveCfg = Debug|Any CPU
		{9C78F943-7E20-4C98-8A08-723E79F6AEB6}.Debug|Any CPU.Build.0 = Debug|Any CPU
		{9C78F943-7E20-4C98-8A08-723E79F6AEB6}.Release|Any CPU.ActiveCfg = Release|Any CPU
		{9C78F943-7E20-4C98-8A08-723E79F6AEB6}.Release|Any CPU.Build.0 = Release|Any CPU
	EndGlobalSection
	GlobalSection(SolutionProperties) = preSolution
		HideSolutionNode = FALSE
	EndGlobalSection
	GlobalSection(ExtensibilityGlobals) = postSolution
		SolutionGuid = {8F484043-A08F-4744-9BAD-1840E01E59DE}
	EndGlobalSection
EndGlobal
